
Microsoft Visual Studio Solution File, Format Version 12.00
# Visual Studio 14
VisualStudioVersion = 14.0.24720.0
MinimumVisualStudioVersion = 10.0.40219.1
Project("{2150E333-8FDC-42A3-9474-1A3956D46DE8}") = "Data", "Data", "{4506499A-E237-4DA1-909B-EC96E9D2CA4D}"
EndProject
Project("{2150E333-8FDC-42A3-9474-1A3956D46DE8}") = "Extensions", "Extensions", "{C1B8AB00-E827-4A2D-88E3-48E81A562941}"
EndProject
Project("{2150E333-8FDC-42A3-9474-1A3956D46DE8}") = "Business", "Business", "{25759563-6FD4-4CE5-ABB5-F8C18B39D2CE}"
EndProject
Project("{2150E333-8FDC-42A3-9474-1A3956D46DE8}") = "Gui", "Gui", "{59E8CA32-37CD-485A-834B-173102790DA0}"
EndProject
Project("{FAE04EC0-301F-11D3-BF4B-00C04F79EFBC}") = "BootSharp.Data.Interfaces", "BootSharp.Data.Interfaces\BootSharp.Data.Interfaces.csproj", "{0EF74A1C-7E37-46B7-9723-0BD5664F20E4}"
EndProject
Project("{FAE04EC0-301F-11D3-BF4B-00C04F79EFBC}") = "BootSharp.Data.EntityFramework", "BootSharp.Data.EntityFramework\BootSharp.Data.EntityFramework.csproj", "{6282B113-3C1B-43C1-8417-A4B54DDEEDA9}"
EndProject
Project("{FAE04EC0-301F-11D3-BF4B-00C04F79EFBC}") = "BootSharp.Data", "BootSharp.Data\BootSharp.Data.csproj", "{02FEADBB-CBD9-491C-A3E8-96ADD9D7C6F5}"
EndProject
Project("{FAE04EC0-301F-11D3-BF4B-00C04F79EFBC}") = "BootSharp.DataImport.Interfaces", "BootSharp.DataImport.Interfaces\BootSharp.DataImport.Interfaces.csproj", "{B261E423-A71C-4B2E-AA8D-48F9E5C8B036}"
EndProject
Project("{FAE04EC0-301F-11D3-BF4B-00C04F79EFBC}") = "BootSharp.DataImport", "BootSharp.DataImport\BootSharp.DataImport.csproj", "{B098C01B-005F-4987-8FED-52E54FA9514C}"
EndProject
Project("{FAE04EC0-301F-11D3-BF4B-00C04F79EFBC}") = "BootSharp.Business.Interfaces", "BootSharp.Business.Interfaces\BootSharp.Business.Interfaces.csproj", "{2A0794B0-55A0-4054-B894-8292872FA264}"
EndProject
Project("{2150E333-8FDC-42A3-9474-1A3956D46DE8}") = "DataImport", "DataImport", "{29FCB0CF-53EB-4AC7-920C-D895C777A0A1}"
EndProject
Project("{2150E333-8FDC-42A3-9474-1A3956D46DE8}") = "DataImport", "DataImport", "{ECF2E838-00D5-4D9B-83E9-BBE46FFEBA13}"
EndProject
Project("{FAE04EC0-301F-11D3-BF4B-00C04F79EFBC}") = "BootSharp.DataImport.Gui", "BootSharp.DataImport.Gui\BootSharp.DataImport.Gui.csproj", "{12E33741-21BB-4E9E-9E50-985E2FB643BC}"
EndProject
Project("{FAE04EC0-301F-11D3-BF4B-00C04F79EFBC}") = "BootSharp.Data.NHibernate", "BootSharp.Data.NHibernate\BootSharp.Data.NHibernate.csproj", "{7E40E200-6EEA-4AB2-A3E5-353D33489025}"
EndProject
Project("{2150E333-8FDC-42A3-9474-1A3956D46DE8}") = "Tests", "Tests", "{D2F0E031-FF17-4E95-9614-3411CBCC09EA}"
EndProject
Project("{2150E333-8FDC-42A3-9474-1A3956D46DE8}") = "Data", "Data", "{EA7E184D-AC70-40E2-A203-AB8067160772}"
EndProject
Project("{FAE04EC0-301F-11D3-BF4B-00C04F79EFBC}") = "BootSharp.Tests.Data.EntityFramework", "BootSharp.Tests.Data.EntityFramework\BootSharp.Tests.Data.EntityFramework.csproj", "{8E81BA7E-248A-461F-B80B-CADF00E74BE2}"
EndProject
Project("{FAE04EC0-301F-11D3-BF4B-00C04F79EFBC}") = "BootSharp.Tests.Data.NHibernate", "BootSharp.Tests.Data.NHibernate\BootSharp.Tests.Data.NHibernate.csproj", "{24C29AB5-767B-455C-A053-332E104A93D5}"
EndProject
Project("{FAE04EC0-301F-11D3-BF4B-00C04F79EFBC}") = "BootSharp.Tests.Data", "BootSharp.Tests.Data\BootSharp.Tests.Data.csproj", "{1EFD43B4-54D6-45BA-8FAB-5EEE77DB10C0}"
EndProject
Global
	GlobalSection(SolutionConfigurationPlatforms) = preSolution
		Debug|Any CPU = Debug|Any CPU
		Release|Any CPU = Release|Any CPU
	EndGlobalSection
	GlobalSection(ProjectConfigurationPlatforms) = postSolution
		{0EF74A1C-7E37-46B7-9723-0BD5664F20E4}.Debug|Any CPU.ActiveCfg = Debug|Any CPU
		{0EF74A1C-7E37-46B7-9723-0BD5664F20E4}.Debug|Any CPU.Build.0 = Debug|Any CPU
		{0EF74A1C-7E37-46B7-9723-0BD5664F20E4}.Release|Any CPU.ActiveCfg = Release|Any CPU
		{0EF74A1C-7E37-46B7-9723-0BD5664F20E4}.Release|Any CPU.Build.0 = Release|Any CPU
		{6282B113-3C1B-43C1-8417-A4B54DDEEDA9}.Debug|Any CPU.ActiveCfg = Debug|Any CPU
		{6282B113-3C1B-43C1-8417-A4B54DDEEDA9}.Debug|Any CPU.Build.0 = Debug|Any CPU
		{6282B113-3C1B-43C1-8417-A4B54DDEEDA9}.Release|Any CPU.ActiveCfg = Release|Any CPU
		{6282B113-3C1B-43C1-8417-A4B54DDEEDA9}.Release|Any CPU.Build.0 = Release|Any CPU
		{02FEADBB-CBD9-491C-A3E8-96ADD9D7C6F5}.Debug|Any CPU.ActiveCfg = Debug|Any CPU
		{02FEADBB-CBD9-491C-A3E8-96ADD9D7C6F5}.Debug|Any CPU.Build.0 = Debug|Any CPU
		{02FEADBB-CBD9-491C-A3E8-96ADD9D7C6F5}.Release|Any CPU.ActiveCfg = Release|Any CPU
		{02FEADBB-CBD9-491C-A3E8-96ADD9D7C6F5}.Release|Any CPU.Build.0 = Release|Any CPU
		{B261E423-A71C-4B2E-AA8D-48F9E5C8B036}.Debug|Any CPU.ActiveCfg = Debug|Any CPU
		{B261E423-A71C-4B2E-AA8D-48F9E5C8B036}.Debug|Any CPU.Build.0 = Debug|Any CPU
		{B261E423-A71C-4B2E-AA8D-48F9E5C8B036}.Release|Any CPU.ActiveCfg = Release|Any CPU
		{B261E423-A71C-4B2E-AA8D-48F9E5C8B036}.Release|Any CPU.Build.0 = Release|Any CPU
		{B098C01B-005F-4987-8FED-52E54FA9514C}.Debug|Any CPU.ActiveCfg = Debug|Any CPU
		{B098C01B-005F-4987-8FED-52E54FA9514C}.Debug|Any CPU.Build.0 = Debug|Any CPU
		{B098C01B-005F-4987-8FED-52E54FA9514C}.Release|Any CPU.ActiveCfg = Release|Any CPU
		{B098C01B-005F-4987-8FED-52E54FA9514C}.Release|Any CPU.Build.0 = Release|Any CPU
		{2A0794B0-55A0-4054-B894-8292872FA264}.Debug|Any CPU.ActiveCfg = Debug|Any CPU
		{2A0794B0-55A0-4054-B894-8292872FA264}.Debug|Any CPU.Build.0 = Debug|Any CPU
		{2A0794B0-55A0-4054-B894-8292872FA264}.Release|Any CPU.ActiveCfg = Release|Any CPU
		{2A0794B0-55A0-4054-B894-8292872FA264}.Release|Any CPU.Build.0 = Release|Any CPU
		{12E33741-21BB-4E9E-9E50-985E2FB643BC}.Debug|Any CPU.ActiveCfg = Debug|Any CPU
		{12E33741-21BB-4E9E-9E50-985E2FB643BC}.Debug|Any CPU.Build.0 = Debug|Any CPU
		{12E33741-21BB-4E9E-9E50-985E2FB643BC}.Release|Any CPU.ActiveCfg = Release|Any CPU
		{12E33741-21BB-4E9E-9E50-985E2FB643BC}.Release|Any CPU.Build.0 = Release|Any CPU
		{7E40E200-6EEA-4AB2-A3E5-353D33489025}.Debug|Any CPU.ActiveCfg = Debug|Any CPU
		{7E40E200-6EEA-4AB2-A3E5-353D33489025}.Debug|Any CPU.Build.0 = Debug|Any CPU
		{7E40E200-6EEA-4AB2-A3E5-353D33489025}.Release|Any CPU.ActiveCfg = Release|Any CPU
		{7E40E200-6EEA-4AB2-A3E5-353D33489025}.Release|Any CPU.Build.0 = Release|Any CPU
		{8E81BA7E-248A-461F-B80B-CADF00E74BE2}.Debug|Any CPU.ActiveCfg = Debug|Any CPU
		{8E81BA7E-248A-461F-B80B-CADF00E74BE2}.Debug|Any CPU.Build.0 = Debug|Any CPU
		{8E81BA7E-248A-461F-B80B-CADF00E74BE2}.Release|Any CPU.ActiveCfg = Release|Any CPU
		{8E81BA7E-248A-461F-B80B-CADF00E74BE2}.Release|Any CPU.Build.0 = Release|Any CPU
		{24C29AB5-767B-455C-A053-332E104A93D5}.Debug|Any CPU.ActiveCfg = Debug|Any CPU
		{24C29AB5-767B-455C-A053-332E104A93D5}.Debug|Any CPU.Build.0 = Debug|Any CPU
		{24C29AB5-767B-455C-A053-332E104A93D5}.Release|Any CPU.ActiveCfg = Release|Any CPU
		{24C29AB5-767B-455C-A053-332E104A93D5}.Release|Any CPU.Build.0 = Release|Any CPU
		{1EFD43B4-54D6-45BA-8FAB-5EEE77DB10C0}.Debug|Any CPU.ActiveCfg = Debug|Any CPU
		{1EFD43B4-54D6-45BA-8FAB-5EEE77DB10C0}.Debug|Any CPU.Build.0 = Debug|Any CPU
		{1EFD43B4-54D6-45BA-8FAB-5EEE77DB10C0}.Release|Any CPU.ActiveCfg = Release|Any CPU
		{1EFD43B4-54D6-45BA-8FAB-5EEE77DB10C0}.Release|Any CPU.Build.0 = Release|Any CPU
	EndGlobalSection
	GlobalSection(SolutionProperties) = preSolution
		HideSolutionNode = FALSE
	EndGlobalSection
	GlobalSection(NestedProjects) = preSolution
		{0EF74A1C-7E37-46B7-9723-0BD5664F20E4} = {4506499A-E237-4DA1-909B-EC96E9D2CA4D}
		{6282B113-3C1B-43C1-8417-A4B54DDEEDA9} = {4506499A-E237-4DA1-909B-EC96E9D2CA4D}
		{02FEADBB-CBD9-491C-A3E8-96ADD9D7C6F5} = {4506499A-E237-4DA1-909B-EC96E9D2CA4D}
		{B261E423-A71C-4B2E-AA8D-48F9E5C8B036} = {29FCB0CF-53EB-4AC7-920C-D895C777A0A1}
		{B098C01B-005F-4987-8FED-52E54FA9514C} = {29FCB0CF-53EB-4AC7-920C-D895C777A0A1}
		{2A0794B0-55A0-4054-B894-8292872FA264} = {25759563-6FD4-4CE5-ABB5-F8C18B39D2CE}
		{29FCB0CF-53EB-4AC7-920C-D895C777A0A1} = {C1B8AB00-E827-4A2D-88E3-48E81A562941}
		{ECF2E838-00D5-4D9B-83E9-BBE46FFEBA13} = {59E8CA32-37CD-485A-834B-173102790DA0}
		{12E33741-21BB-4E9E-9E50-985E2FB643BC} = {ECF2E838-00D5-4D9B-83E9-BBE46FFEBA13}
		{7E40E200-6EEA-4AB2-A3E5-353D33489025} = {4506499A-E237-4DA1-909B-EC96E9D2CA4D}
		{EA7E184D-AC70-40E2-A203-AB8067160772} = {D2F0E031-FF17-4E95-9614-3411CBCC09EA}
		{8E81BA7E-248A-461F-B80B-CADF00E74BE2} = {EA7E184D-AC70-40E2-A203-AB8067160772}
		{24C29AB5-767B-455C-A053-332E104A93D5} = {EA7E184D-AC70-40E2-A203-AB8067160772}
		{1EFD43B4-54D6-45BA-8FAB-5EEE77DB10C0} = {EA7E184D-AC70-40E2-A203-AB8067160772}
	EndGlobalSection
EndGlobal
